
Microsoft Visual Studio Solution File, Format Version 12.00
# Visual Studio Version 16
VisualStudioVersion = 16.0.28729.10
MinimumVisualStudioVersion = 10.0.40219.1
Project("{2150E333-8FDC-42A3-9474-1A3956D46DE8}") = "docs", "docs", "{EED65E38-2F34-4AE8-B8FB-C176A6725C98}"
	ProjectSection(SolutionItems) = preProject
		appveyor.yml = appveyor.yml
		CHANGELOG.md = CHANGELOG.md
		CONTRIBUTING.md = CONTRIBUTING.md
		LICENSE = LICENSE
		README.md = README.md
	EndProjectSection
EndProject
Project("{FAE04EC0-301F-11D3-BF4B-00C04F79EFBC}") = "Sitecore.Rocks.VisualStudio", "src\Sitecore.Rocks.VisualStudio\Sitecore.Rocks.VisualStudio.csproj", "{0E1ADD98-D3D8-48AE-B0B7-34F512D3F205}"
EndProject
Project("{FAE04EC0-301F-11D3-BF4B-00C04F79EFBC}") = "Sitecore.Rocks", "src\Sitecore.Rocks\Sitecore.Rocks.csproj", "{39D87FBF-43B7-4A35-8065-0FBA544AD601}"
EndProject
Project("{FAE04EC0-301F-11D3-BF4B-00C04F79EFBC}") = "Sitecore.Rocks.Server", "src\Sitecore.Rocks.Server\Sitecore.Rocks.Server.csproj", "{FB504E79-AD4F-4D68-88C8-0E1F668D7FC5}"
EndProject
Project("{FAE04EC0-301F-11D3-BF4B-00C04F79EFBC}") = "Sitecore.Rocks.TemplateWizard", "src\Sitecore.Rocks.TemplateWizard\Sitecore.Rocks.TemplateWizard.csproj", "{C7509E56-744C-4EC6-A422-763A2BF39029}"
EndProject
Global
	GlobalSection(SolutionConfigurationPlatforms) = preSolution
		Debug|Any CPU = Debug|Any CPU
		Release|Any CPU = Release|Any CPU
	EndGlobalSection
	GlobalSection(ProjectConfigurationPlatforms) = postSolution
		{0E1ADD98-D3D8-48AE-B0B7-34F512D3F205}.Debug|Any CPU.ActiveCfg = Debug|Any CPU
		{0E1ADD98-D3D8-48AE-B0B7-34F512D3F205}.Debug|Any CPU.Build.0 = Debug|Any CPU
		{0E1ADD98-D3D8-48AE-B0B7-34F512D3F205}.Release|Any CPU.ActiveCfg = Release|Any CPU
		{0E1ADD98-D3D8-48AE-B0B7-34F512D3F205}.Release|Any CPU.Build.0 = Release|Any CPU
		{39D87FBF-43B7-4A35-8065-0FBA544AD601}.Debug|Any CPU.ActiveCfg = Debug|Any CPU
		{39D87FBF-43B7-4A35-8065-0FBA544AD601}.Debug|Any CPU.Build.0 = Debug|Any CPU
		{39D87FBF-43B7-4A35-8065-0FBA544AD601}.Release|Any CPU.ActiveCfg = Release|Any CPU
		{39D87FBF-43B7-4A35-8065-0FBA544AD601}.Release|Any CPU.Build.0 = Release|Any CPU
		{FB504E79-AD4F-4D68-88C8-0E1F668D7FC5}.Debug|Any CPU.ActiveCfg = Debug|Any CPU
		{FB504E79-AD4F-4D68-88C8-0E1F668D7FC5}.Debug|Any CPU.Build.0 = Debug|Any CPU
		{FB504E79-AD4F-4D68-88C8-0E1F668D7FC5}.Release|Any CPU.ActiveCfg = Release|Any CPU
		{FB504E79-AD4F-4D68-88C8-0E1F668D7FC5}.Release|Any CPU.Build.0 = Release|Any CPU
		{C7509E56-744C-4EC6-A422-763A2BF39029}.Debug|Any CPU.ActiveCfg = Debug|Any CPU
		{C7509E56-744C-4EC6-A422-763A2BF39029}.Debug|Any CPU.Build.0 = Debug|Any CPU
		{C7509E56-744C-4EC6-A422-763A2BF39029}.Release|Any CPU.ActiveCfg = Release|Any CPU
		{C7509E56-744C-4EC6-A422-763A2BF39029}.Release|Any CPU.Build.0 = Release|Any CPU
	EndGlobalSection
	GlobalSection(SolutionProperties) = preSolution
		HideSolutionNode = FALSE
	EndGlobalSection
	GlobalSection(ExtensibilityGlobals) = postSolution
		SolutionGuid = {CDC5C691-38E7-4A3E-909F-4F0F4B507845}
	EndGlobalSection
EndGlobal
